# This file is automatically @generated by Cargo.
# It is not intended for manual editing.
version = 4

[[package]]
name = "rusty_esp_core"
version = "0.1.0"

[[package]]
name = "rusty_esp_video"
version = "0.1.0"
dependencies = [
 "rusty_esp_video-core",
 "rusty_esp_video-esp",
]

[[package]]
name = "rusty_esp_video-core"
version = "0.1.0"
dependencies = [
 "rusty_esp_core",
]

[[package]]
name = "rusty_esp_video-esp"
version = "0.1.0"
dependencies = [
 "rusty_esp_video-core",
]
